
Microsoft Visual Studio Solution File, Format Version 12.00
# Visual Studio Version 16
VisualStudioVersion = 16.0.31229.75
MinimumVisualStudioVersion = 10.0.40219.1
Project("{FAE04EC0-301F-11D3-BF4B-00C04F79EFBC}") = "NewLanguageFeatures", "NewLanguageFeatures\NewLanguageFeatures.csproj", "{CCBF9D84-54D7-46E7-9BB3-138389121E1D}"
EndProject
Global
	GlobalSection(SolutionConfigurationPlatforms) = preSolution
		Debug|Any CPU = Debug|Any CPU
		Release|Any CPU = Release|Any CPU
	EndGlobalSection
	GlobalSection(ProjectConfigurationPlatforms) = postSolution
		{CCBF9D84-54D7-46E7-9BB3-138389121E1D}.Debug|Any CPU.ActiveCfg = Debug|Any CPU
		{CCBF9D84-54D7-46E7-9BB3-138389121E1D}.Debug|Any CPU.Build.0 = Debug|Any CPU
		{CCBF9D84-54D7-46E7-9BB3-138389121E1D}.Release|Any CPU.ActiveCfg = Release|Any CPU
		{CCBF9D84-54D7-46E7-9BB3-138389121E1D}.Release|Any CPU.Build.0 = Release|Any CPU
	EndGlobalSection
	GlobalSection(SolutionProperties) = preSolution
		HideSolutionNode = FALSE
	EndGlobalSection
	GlobalSection(ExtensibilityGlobals) = postSolution
		SolutionGuid = {FA41B776-CF16-44DA-83A8-5E49DEC56DED}
	EndGlobalSection
EndGlobal
